// !$*UTF8*$!
{
	archiveVersion = 1;
	classes = {
	};
	objectVersion = 56;
	objects = {

/* Begin PBXBuildFile section */
		302400D92C872AE900818C07 /* CategoryHome.swift in Sources */ = {isa = PBXBuildFile; fileRef = 302400D82C872AE900818C07 /* CategoryHome.swift */; };
		302400DC2C872D3200818C07 /* CategoryRow.swift in Sources */ = {isa = PBXBuildFile; fileRef = 302400DB2C872D3200818C07 /* CategoryRow.swift */; };
		302400DE2C872E9E00818C07 /* CategoryItem.swift in Sources */ = {isa = PBXBuildFile; fileRef = 302400DD2C872E9E00818C07 /* CategoryItem.swift */; };
		302400E02C87364C00818C07 /* Profile.swift in Sources */ = {isa = PBXBuildFile; fileRef = 302400DF2C87364C00818C07 /* Profile.swift */; };
		302400E32C87371700818C07 /* ProfileHost.swift in Sources */ = {isa = PBXBuildFile; fileRef = 302400E22C87371700818C07 /* ProfileHost.swift */; };
		303BD9432C873857006CACC1 /* ProfileSummary.swift in Sources */ = {isa = PBXBuildFile; fileRef = 303BD9422C873857006CACC1 /* ProfileSummary.swift */; };
		303BD9462C874426006CACC1 /* HexagonParameters.swift in Sources */ = {isa = PBXBuildFile; fileRef = 303BD9452C874426006CACC1 /* HexagonParameters.swift */; };
		303BD9482C874494006CACC1 /* BadgeBackground.swift in Sources */ = {isa = PBXBuildFile; fileRef = 303BD9472C874494006CACC1 /* BadgeBackground.swift */; };
		303BD94A2C87455F006CACC1 /* BadgeSymbol.swift in Sources */ = {isa = PBXBuildFile; fileRef = 303BD9492C87455F006CACC1 /* BadgeSymbol.swift */; };
		303BD94C2C874598006CACC1 /* RotatedBadgeSymbol.swift in Sources */ = {isa = PBXBuildFile; fileRef = 303BD94B2C874598006CACC1 /* RotatedBadgeSymbol.swift */; };
		303BD94E2C8745B7006CACC1 /* Badge.swift in Sources */ = {isa = PBXBuildFile; fileRef = 303BD94D2C8745B7006CACC1 /* Badge.swift */; };
		303BD9512C87463F006CACC1 /* hikeData.json in Resources */ = {isa = PBXBuildFile; fileRef = 303BD9502C87463F006CACC1 /* hikeData.json */; };
		303BD9532C874660006CACC1 /* Hike.swift in Sources */ = {isa = PBXBuildFile; fileRef = 303BD9522C874660006CACC1 /* Hike.swift */; };
		303BD97D2C874882006CACC1 /* GraphCapsule.swift in Sources */ = {isa = PBXBuildFile; fileRef = 303BD9782C874882006CACC1 /* GraphCapsule.swift */; };
		303BD97E2C874882006CACC1 /* HikeDetail.swift in Sources */ = {isa = PBXBuildFile; fileRef = 303BD9792C874882006CACC1 /* HikeDetail.swift */; };
		303BD97F2C874882006CACC1 /* HikeGraph.swift in Sources */ = {isa = PBXBuildFile; fileRef = 303BD97A2C874882006CACC1 /* HikeGraph.swift */; };
		303BD9802C874882006CACC1 /* HikeView.swift in Sources */ = {isa = PBXBuildFile; fileRef = 303BD97B2C874882006CACC1 /* HikeView.swift */; };
		303BD9822C8749EA006CACC1 /* HikeBadge.swift in Sources */ = {isa = PBXBuildFile; fileRef = 303BD9812C8749EA006CACC1 /* HikeBadge.swift */; };
		306E4B8F2C85ED77000B6DB5 /* LandmarksApp.swift in Sources */ = {isa = PBXBuildFile; fileRef = 306E4B8E2C85ED77000B6DB5 /* LandmarksApp.swift */; };
		306E4B912C85ED77000B6DB5 /* ContentView.swift in Sources */ = {isa = PBXBuildFile; fileRef = 306E4B902C85ED77000B6DB5 /* ContentView.swift */; };
		306E4B932C85ED79000B6DB5 /* Assets.xcassets in Resources */ = {isa = PBXBuildFile; fileRef = 306E4B922C85ED79000B6DB5 /* Assets.xcassets */; };
		306E4B962C85ED79000B6DB5 /* Preview Assets.xcassets in Resources */ = {isa = PBXBuildFile; fileRef = 306E4B952C85ED79000B6DB5 /* Preview Assets.xcassets */; };
		306E4B9E2C85EEC4000B6DB5 /* CircleImage.swift in Sources */ = {isa = PBXBuildFile; fileRef = 306E4B9D2C85EEC4000B6DB5 /* CircleImage.swift */; };
		306E4BA02C85EF4A000B6DB5 /* MapView.swift in Sources */ = {isa = PBXBuildFile; fileRef = 306E4B9F2C85EF4A000B6DB5 /* MapView.swift */; };
		306E4BA22C860E64000B6DB5 /* landmarkData.json in Resources */ = {isa = PBXBuildFile; fileRef = 306E4BA12C860E63000B6DB5 /* landmarkData.json */; };
		306E4BA52C860E9C000B6DB5 /* Landmark.swift in Sources */ = {isa = PBXBuildFile; fileRef = 306E4BA42C860E9C000B6DB5 /* Landmark.swift */; };
		306E4BA72C860FC5000B6DB5 /* ModelData.swift in Sources */ = {isa = PBXBuildFile; fileRef = 306E4BA62C860FC5000B6DB5 /* ModelData.swift */; };
		306E4BAA2C86106E000B6DB5 /* LandmarkRow.swift in Sources */ = {isa = PBXBuildFile; fileRef = 306E4BA92C86106E000B6DB5 /* LandmarkRow.swift */; };
		306E4BAC2C8613CC000B6DB5 /* LandmarkList.swift in Sources */ = {isa = PBXBuildFile; fileRef = 306E4BAB2C8613CC000B6DB5 /* LandmarkList.swift */; };
		306E4BAE2C861590000B6DB5 /* LandmarkDetail.swift in Sources */ = {isa = PBXBuildFile; fileRef = 306E4BAD2C861590000B6DB5 /* LandmarkDetail.swift */; };
		306E4BB02C865EFD000B6DB5 /* FavoriteButton.swift in Sources */ = {isa = PBXBuildFile; fileRef = 306E4BAF2C865EFD000B6DB5 /* FavoriteButton.swift */; };
/* End PBXBuildFile section */

/* Begin PBXFileReference section */
		302400D82C872AE900818C07 /* CategoryHome.swift */ = {isa = PBXFileReference; lastKnownFileType = sourcecode.swift; path = CategoryHome.swift; sourceTree = "<group>"; };
		302400DB2C872D3200818C07 /* CategoryRow.swift */ = {isa = PBXFileReference; lastKnownFileType = sourcecode.swift; path = CategoryRow.swift; sourceTree = "<group>"; };
		302400DD2C872E9E00818C07 /* CategoryItem.swift */ = {isa = PBXFileReference; lastKnownFileType = sourcecode.swift; path = CategoryItem.swift; sourceTree = "<group>"; };
		302400DF2C87364C00818C07 /* Profile.swift */ = {isa = PBXFileReference; lastKnownFileType = sourcecode.swift; path = Profile.swift; sourceTree = "<group>"; };
		302400E22C87371700818C07 /* ProfileHost.swift */ = {isa = PBXFileReference; lastKnownFileType = sourcecode.swift; path = ProfileHost.swift; sourceTree = "<group>"; };
		303BD9422C873857006CACC1 /* ProfileSummary.swift */ = {isa = PBXFileReference; lastKnownFileType = sourcecode.swift; path = ProfileSummary.swift; sourceTree = "<group>"; };
		303BD9452C874426006CACC1 /* HexagonParameters.swift */ = {isa = PBXFileReference; lastKnownFileType = sourcecode.swift; path = HexagonParameters.swift; sourceTree = "<group>"; };
		303BD9472C874494006CACC1 /* BadgeBackground.swift */ = {isa = PBXFileReference; lastKnownFileType = sourcecode.swift; path = BadgeBackground.swift; sourceTree = "<group>"; };
		303BD9492C87455F006CACC1 /* BadgeSymbol.swift */ = {isa = PBXFileReference; lastKnownFileType = sourcecode.swift; path = BadgeSymbol.swift; sourceTree = "<group>"; };
		303BD94B2C874598006CACC1 /* RotatedBadgeSymbol.swift */ = {isa = PBXFileReference; lastKnownFileType = sourcecode.swift; path = RotatedBadgeSymbol.swift; sourceTree = "<group>"; };
		303BD94D2C8745B7006CACC1 /* Badge.swift */ = {isa = PBXFileReference; lastKnownFileType = sourcecode.swift; path = Badge.swift; sourceTree = "<group>"; };
		303BD9502C87463F006CACC1 /* hikeData.json */ = {isa = PBXFileReference; fileEncoding = 4; lastKnownFileType = text.json; name = hikeData.json; path = ../../../../../Downloads/AnimatingViewsAndTransitions/Resources/hikeData.json; sourceTree = "<group>"; };
		303BD9522C874660006CACC1 /* Hike.swift */ = {isa = PBXFileReference; lastKnownFileType = sourcecode.swift; path = Hike.swift; sourceTree = "<group>"; };
		303BD9782C874882006CACC1 /* GraphCapsule.swift */ = {isa = PBXFileReference; fileEncoding = 4; lastKnownFileType = sourcecode.swift; path = GraphCapsule.swift; sourceTree = "<group>"; };
		303BD9792C874882006CACC1 /* HikeDetail.swift */ = {isa = PBXFileReference; fileEncoding = 4; lastKnownFileType = sourcecode.swift; path = HikeDetail.swift; sourceTree = "<group>"; };
		303BD97A2C874882006CACC1 /* HikeGraph.swift */ = {isa = PBXFileReference; fileEncoding = 4; lastKnownFileType = sourcecode.swift; path = HikeGraph.swift; sourceTree = "<group>"; };
		303BD97B2C874882006CACC1 /* HikeView.swift */ = {isa = PBXFileReference; fileEncoding = 4; lastKnownFileType = sourcecode.swift; path = HikeView.swift; sourceTree = "<group>"; };
		303BD9812C8749EA006CACC1 /* HikeBadge.swift */ = {isa = PBXFileReference; lastKnownFileType = sourcecode.swift; path = HikeBadge.swift; sourceTree = "<group>"; };
		306E4B8B2C85ED77000B6DB5 /* Landmarks.app */ = {isa = PBXFileReference; explicitFileType = wrapper.application; includeInIndex = 0; path = Landmarks.app; sourceTree = BUILT_PRODUCTS_DIR; };
		306E4B8E2C85ED77000B6DB5 /* LandmarksApp.swift */ = {isa = PBXFileReference; lastKnownFileType = sourcecode.swift; path = LandmarksApp.swift; sourceTree = "<group>"; };
		306E4B902C85ED77000B6DB5 /* ContentView.swift */ = {isa = PBXFileReference; lastKnownFileType = sourcecode.swift; path = ContentView.swift; sourceTree = "<group>"; };
		306E4B922C85ED79000B6DB5 /* Assets.xcassets */ = {isa = PBXFileReference; lastKnownFileType = folder.assetcatalog; path = Assets.xcassets; sourceTree = "<group>"; };
		306E4B952C85ED79000B6DB5 /* Preview Assets.xcassets */ = {isa = PBXFileReference; lastKnownFileType = folder.assetcatalog; path = "Preview Assets.xcassets"; sourceTree = "<group>"; };
		306E4B9D2C85EEC4000B6DB5 /* CircleImage.swift */ = {isa = PBXFileReference; lastKnownFileType = sourcecode.swift; path = CircleImage.swift; sourceTree = "<group>"; };
		306E4B9F2C85EF4A000B6DB5 /* MapView.swift */ = {isa = PBXFileReference; lastKnownFileType = sourcecode.swift; path = MapView.swift; sourceTree = "<group>"; };
		306E4BA12C860E63000B6DB5 /* landmarkData.json */ = {isa = PBXFileReference; fileEncoding = 4; lastKnownFileType = text.json; path = landmarkData.json; sourceTree = "<group>"; };
		306E4BA42C860E9C000B6DB5 /* Landmark.swift */ = {isa = PBXFileReference; lastKnownFileType = sourcecode.swift; path = Landmark.swift; sourceTree = "<group>"; };
		306E4BA62C860FC5000B6DB5 /* ModelData.swift */ = {isa = PBXFileReference; lastKnownFileType = sourcecode.swift; path = ModelData.swift; sourceTree = "<group>"; };
		306E4BA92C86106E000B6DB5 /* LandmarkRow.swift */ = {isa = PBXFileReference; lastKnownFileType = sourcecode.swift; path = LandmarkRow.swift; sourceTree = "<group>"; };
		306E4BAB2C8613CC000B6DB5 /* LandmarkList.swift */ = {isa = PBXFileReference; lastKnownFileType = sourcecode.swift; path = LandmarkList.swift; sourceTree = "<group>"; };
		306E4BAD2C861590000B6DB5 /* LandmarkDetail.swift */ = {isa = PBXFileReference; lastKnownFileType = sourcecode.swift; path = LandmarkDetail.swift; sourceTree = "<group>"; };
		306E4BAF2C865EFD000B6DB5 /* FavoriteButton.swift */ = {isa = PBXFileReference; lastKnownFileType = sourcecode.swift; path = FavoriteButton.swift; sourceTree = "<group>"; };
/* End PBXFileReference section */

/* Begin PBXFrameworksBuildPhase section */
		306E4B882C85ED77000B6DB5 /* Frameworks */ = {
			isa = PBXFrameworksBuildPhase;
			buildActionMask = 2147483647;
			files = (
			);
			runOnlyForDeploymentPostprocessing = 0;
		};
/* End PBXFrameworksBuildPhase section */

/* Begin PBXGroup section */
		302400D72C872ADC00818C07 /* Categories */ = {
			isa = PBXGroup;
			children = (
				302400D82C872AE900818C07 /* CategoryHome.swift */,
				302400DB2C872D3200818C07 /* CategoryRow.swift */,
				302400DD2C872E9E00818C07 /* CategoryItem.swift */,
			);
			path = Categories;
			sourceTree = "<group>";
		};
		302400E12C8736FE00818C07 /* Profiles */ = {
			isa = PBXGroup;
			children = (
				302400E22C87371700818C07 /* ProfileHost.swift */,
				303BD9422C873857006CACC1 /* ProfileSummary.swift */,
			);
			path = Profiles;
			sourceTree = "<group>";
		};
		303BD94F2C8745D6006CACC1 /* Badges */ = {
			isa = PBXGroup;
			children = (
				303BD9492C87455F006CACC1 /* BadgeSymbol.swift */,
				303BD94B2C874598006CACC1 /* RotatedBadgeSymbol.swift */,
				303BD9452C874426006CACC1 /* HexagonParameters.swift */,
				303BD9472C874494006CACC1 /* BadgeBackground.swift */,
				303BD94D2C8745B7006CACC1 /* Badge.swift */,
			);
			path = Badges;
			sourceTree = "<group>";
		};
		303BD97C2C874882006CACC1 /* Hikes */ = {
			isa = PBXGroup;
			children = (
				303BD9782C874882006CACC1 /* GraphCapsule.swift */,
				303BD9812C8749EA006CACC1 /* HikeBadge.swift */,
				303BD9792C874882006CACC1 /* HikeDetail.swift */,
				303BD97A2C874882006CACC1 /* HikeGraph.swift */,
				303BD97B2C874882006CACC1 /* HikeView.swift */,
			);
			name = Hikes;
			path = ../../../../../Downloads/AnimatingViewsAndTransitions/Complete/Landmarks/Views/Hikes;
			sourceTree = "<group>";
		};
		306E4B822C85ED77000B6DB5 = {
			isa = PBXGroup;
			children = (
				306E4B8D2C85ED77000B6DB5 /* Landmarks */,
				306E4B8C2C85ED77000B6DB5 /* Products */,
			);
			sourceTree = "<group>";
		};
		306E4B8C2C85ED77000B6DB5 /* Products */ = {
			isa = PBXGroup;
			children = (
				306E4B8B2C85ED77000B6DB5 /* Landmarks.app */,
			);
			name = Products;
			sourceTree = "<group>";
		};
		306E4B8D2C85ED77000B6DB5 /* Landmarks */ = {
			isa = PBXGroup;
			children = (
				306E4B8E2C85ED77000B6DB5 /* LandmarksApp.swift */,
				306E4BA32C860E89000B6DB5 /* Models */,
				306E4B9C2C85EEB6000B6DB5 /* Views */,
				306E4BA82C86101D000B6DB5 /* Resources */,
				306E4B922C85ED79000B6DB5 /* Assets.xcassets */,
				306E4B942C85ED79000B6DB5 /* Preview Content */,
			);
			path = Landmarks;
			sourceTree = "<group>";
		};
		306E4B942C85ED79000B6DB5 /* Preview Content */ = {
			isa = PBXGroup;
			children = (
				306E4B952C85ED79000B6DB5 /* Preview Assets.xcassets */,
			);
			path = "Preview Content";
			sourceTree = "<group>";
		};
		306E4B9C2C85EEB6000B6DB5 /* Views */ = {
			isa = PBXGroup;
			children = (
				303BD97C2C874882006CACC1 /* Hikes */,
				303BD94F2C8745D6006CACC1 /* Badges */,
				302400E12C8736FE00818C07 /* Profiles */,
				302400D72C872ADC00818C07 /* Categories */,
				306E4BB22C865FD0000B6DB5 /* Helper */,
				306E4BB12C865FCA000B6DB5 /* Landmarks */,
				306E4B902C85ED77000B6DB5 /* ContentView.swift */,
			);
			path = Views;
			sourceTree = "<group>";
		};
		306E4BA32C860E89000B6DB5 /* Models */ = {
			isa = PBXGroup;
			children = (
				306E4BA42C860E9C000B6DB5 /* Landmark.swift */,
				302400DF2C87364C00818C07 /* Profile.swift */,
				303BD9522C874660006CACC1 /* Hike.swift */,
				306E4BA62C860FC5000B6DB5 /* ModelData.swift */,
			);
			path = Models;
			sourceTree = "<group>";
		};
		306E4BA82C86101D000B6DB5 /* Resources */ = {
			isa = PBXGroup;
			children = (
				303BD9502C87463F006CACC1 /* hikeData.json */,
				306E4BA12C860E63000B6DB5 /* landmarkData.json */,
			);
			path = Resources;
			sourceTree = "<group>";
		};
		306E4BB12C865FCA000B6DB5 /* Landmarks */ = {
			isa = PBXGroup;
			children = (
				306E4BA92C86106E000B6DB5 /* LandmarkRow.swift */,
				306E4BAD2C861590000B6DB5 /* LandmarkDetail.swift */,
				306E4BAB2C8613CC000B6DB5 /* LandmarkList.swift */,
			);
			path = Landmarks;
			sourceTree = "<group>";
		};
		306E4BB22C865FD0000B6DB5 /* Helper */ = {
			isa = PBXGroup;
			children = (
				306E4B9D2C85EEC4000B6DB5 /* CircleImage.swift */,
				306E4BAF2C865EFD000B6DB5 /* FavoriteButton.swift */,
				306E4B9F2C85EF4A000B6DB5 /* MapView.swift */,
			);
			path = Helper;
			sourceTree = "<group>";
		};
/* End PBXGroup section */

/* Begin PBXNativeTarget section */
		306E4B8A2C85ED77000B6DB5 /* Landmarks */ = {
			isa = PBXNativeTarget;
			buildConfigurationList = 306E4B992C85ED79000B6DB5 /* Build configuration list for PBXNativeTarget "Landmarks" */;
			buildPhases = (
				306E4B872C85ED77000B6DB5 /* Sources */,
				306E4B882C85ED77000B6DB5 /* Frameworks */,
				306E4B892C85ED77000B6DB5 /* Resources */,
			);
			buildRules = (
			);
			dependencies = (
			);
			name = Landmarks;
			productName = Landmarks;
			productReference = 306E4B8B2C85ED77000B6DB5 /* Landmarks.app */;
			productType = "com.apple.product-type.application";
		};
/* End PBXNativeTarget section */

/* Begin PBXProject section */
		306E4B832C85ED77000B6DB5 /* Project object */ = {
			isa = PBXProject;
			attributes = {
				BuildIndependentTargetsInParallel = 1;
				LastSwiftUpdateCheck = 1540;
				LastUpgradeCheck = 1540;
				TargetAttributes = {
					306E4B8A2C85ED77000B6DB5 = {
						CreatedOnToolsVersion = 15.4;
					};
				};
			};
			buildConfigurationList = 306E4B862C85ED77000B6DB5 /* Build configuration list for PBXProject "Landmarks" */;
			compatibilityVersion = "Xcode 14.0";
			developmentRegion = en;
			hasScannedForEncodings = 0;
			knownRegions = (
				en,
				Base,
			);
			mainGroup = 306E4B822C85ED77000B6DB5;
			productRefGroup = 306E4B8C2C85ED77000B6DB5 /* Products */;
			projectDirPath = "";
			projectRoot = "";
			targets = (
				306E4B8A2C85ED77000B6DB5 /* Landmarks */,
			);
		};
/* End PBXProject section */

/* Begin PBXResourcesBuildPhase section */
		306E4B892C85ED77000B6DB5 /* Resources */ = {
			isa = PBXResourcesBuildPhase;
			buildActionMask = 2147483647;
			files = (
				303BD9512C87463F006CACC1 /* hikeData.json in Resources */,
				306E4B962C85ED79000B6DB5 /* Preview Assets.xcassets in Resources */,
				306E4B932C85ED79000B6DB5 /* Assets.xcassets in Resources */,
				306E4BA22C860E64000B6DB5 /* landmarkData.json in Resources */,
			);
			runOnlyForDeploymentPostprocessing = 0;
		};
/* End PBXResourcesBuildPhase section */

/* Begin PBXSourcesBuildPhase section */
		306E4B872C85ED77000B6DB5 /* Sources */ = {
			isa = PBXSourcesBuildPhase;
			buildActionMask = 2147483647;
			files = (
				303BD97F2C874882006CACC1 /* HikeGraph.swift in Sources */,
				306E4B912C85ED77000B6DB5 /* ContentView.swift in Sources */,
				306E4BA02C85EF4A000B6DB5 /* MapView.swift in Sources */,
				306E4B8F2C85ED77000B6DB5 /* LandmarksApp.swift in Sources */,
				303BD94C2C874598006CACC1 /* RotatedBadgeSymbol.swift in Sources */,
				303BD9532C874660006CACC1 /* Hike.swift in Sources */,
				302400E32C87371700818C07 /* ProfileHost.swift in Sources */,
				303BD9462C874426006CACC1 /* HexagonParameters.swift in Sources */,
				302400E02C87364C00818C07 /* Profile.swift in Sources */,
				303BD94E2C8745B7006CACC1 /* Badge.swift in Sources */,
				303BD97E2C874882006CACC1 /* HikeDetail.swift in Sources */,
				303BD9802C874882006CACC1 /* HikeView.swift in Sources */,
				306E4BB02C865EFD000B6DB5 /* FavoriteButton.swift in Sources */,
				302400D92C872AE900818C07 /* CategoryHome.swift in Sources */,
				306E4BAC2C8613CC000B6DB5 /* LandmarkList.swift in Sources */,
				306E4BAE2C861590000B6DB5 /* LandmarkDetail.swift in Sources */,
				306E4B9E2C85EEC4000B6DB5 /* CircleImage.swift in Sources */,
				302400DE2C872E9E00818C07 /* CategoryItem.swift in Sources */,
				306E4BA52C860E9C000B6DB5 /* Landmark.swift in Sources */,
				303BD9482C874494006CACC1 /* BadgeBackground.swift in Sources */,
				306E4BAA2C86106E000B6DB5 /* LandmarkRow.swift in Sources */,
				303BD94A2C87455F006CACC1 /* BadgeSymbol.swift in Sources */,
				303BD9822C8749EA006CACC1 /* HikeBadge.swift in Sources */,
				302400DC2C872D3200818C07 /* CategoryRow.swift in Sources */,
				303BD97D2C874882006CACC1 /* GraphCapsule.swift in Sources */,
				303BD9432C873857006CACC1 /* ProfileSummary.swift in Sources */,
				306E4BA72C860FC5000B6DB5 /* ModelData.swift in Sources */,
			);
			runOnlyForDeploymentPostprocessing = 0;
		};
/* End PBXSourcesBuildPhase section */

/* Begin XCBuildConfiguration section */
		306E4B972C85ED79000B6DB5 /* Debug */ = {
			isa = XCBuildConfiguration;
			buildSettings = {
				ALWAYS_SEARCH_USER_PATHS = NO;
				ASSETCATALOG_COMPILER_GENERATE_SWIFT_ASSET_SYMBOL_EXTENSIONS = YES;
				CLANG_ANALYZER_NONNULL = YES;
				CLANG_ANALYZER_NUMBER_OBJECT_CONVERSION = YES_AGGRESSIVE;
				CLANG_CXX_LANGUAGE_STANDARD = "gnu++20";
				CLANG_ENABLE_MODULES = YES;
				CLANG_ENABLE_OBJC_ARC = YES;
				CLANG_ENABLE_OBJC_WEAK = YES;
				CLANG_WARN_BLOCK_CAPTURE_AUTORELEASING = YES;
				CLANG_WARN_BOOL_CONVERSION = YES;
				CLANG_WARN_COMMA = YES;
				CLANG_WARN_CONSTANT_CONVERSION = YES;
				CLANG_WARN_DEPRECATED_OBJC_IMPLEMENTATIONS = YES;
				CLANG_WARN_DIRECT_OBJC_ISA_USAGE = YES_ERROR;
				CLANG_WARN_DOCUMENTATION_COMMENTS = YES;
				CLANG_WARN_EMPTY_BODY = YES;
				CLANG_WARN_ENUM_CONVERSION = YES;
				CLANG_WARN_INFINITE_RECURSION = YES;
				CLANG_WARN_INT_CONVERSION = YES;
				CLANG_WARN_NON_LITERAL_NULL_CONVERSION = YES;
				CLANG_WARN_OBJC_IMPLICIT_RETAIN_SELF = YES;
				CLANG_WARN_OBJC_LITERAL_CONVERSION = YES;
				CLANG_WARN_OBJC_ROOT_CLASS = YES_ERROR;
				CLANG_WARN_QUOTED_INCLUDE_IN_FRAMEWORK_HEADER = YES;
				CLANG_WARN_RANGE_LOOP_ANALYSIS = YES;
				CLANG_WARN_STRICT_PROTOTYPES = YES;
				CLANG_WARN_SUSPICIOUS_MOVE = YES;
				CLANG_WARN_UNGUARDED_AVAILABILITY = YES_AGGRESSIVE;
				CLANG_WARN_UNREACHABLE_CODE = YES;
				CLANG_WARN__DUPLICATE_METHOD_MATCH = YES;
				COPY_PHASE_STRIP = NO;
				DEBUG_INFORMATION_FORMAT = dwarf;
				ENABLE_STRICT_OBJC_MSGSEND = YES;
				ENABLE_TESTABILITY = YES;
				ENABLE_USER_SCRIPT_SANDBOXING = YES;
				GCC_C_LANGUAGE_STANDARD = gnu17;
				GCC_DYNAMIC_NO_PIC = NO;
				GCC_NO_COMMON_BLOCKS = YES;
				GCC_OPTIMIZATION_LEVEL = 0;
				GCC_PREPROCESSOR_DEFINITIONS = (
					"DEBUG=1",
					"$(inherited)",
				);
				GCC_WARN_64_TO_32_BIT_CONVERSION = YES;
				GCC_WARN_ABOUT_RETURN_TYPE = YES_ERROR;
				GCC_WARN_UNDECLARED_SELECTOR = YES;
				GCC_WARN_UNINITIALIZED_AUTOS = YES_AGGRESSIVE;
				GCC_WARN_UNUSED_FUNCTION = YES;
				GCC_WARN_UNUSED_VARIABLE = YES;
				IPHONEOS_DEPLOYMENT_TARGET = 17.5;
				LOCALIZATION_PREFERS_STRING_CATALOGS = YES;
				MTL_ENABLE_DEBUG_INFO = INCLUDE_SOURCE;
				MTL_FAST_MATH = YES;
				ONLY_ACTIVE_ARCH = YES;
				SDKROOT = iphoneos;
				SWIFT_ACTIVE_COMPILATION_CONDITIONS = "DEBUG $(inherited)";
				SWIFT_OPTIMIZATION_LEVEL = "-Onone";
			};
			name = Debug;
		};
		306E4B982C85ED79000B6DB5 /* Release */ = {
			isa = XCBuildConfiguration;
			buildSettings = {
				ALWAYS_SEARCH_USER_PATHS = NO;
				ASSETCATALOG_COMPILER_GENERATE_SWIFT_ASSET_SYMBOL_EXTENSIONS = YES;
				CLANG_ANALYZER_NONNULL = YES;
				CLANG_ANALYZER_NUMBER_OBJECT_CONVERSION = YES_AGGRESSIVE;
				CLANG_CXX_LANGUAGE_STANDARD = "gnu++20";
				CLANG_ENABLE_MODULES = YES;
				CLANG_ENABLE_OBJC_ARC = YES;
				CLANG_ENABLE_OBJC_WEAK = YES;
				CLANG_WARN_BLOCK_CAPTURE_AUTORELEASING = YES;
				CLANG_WARN_BOOL_CONVERSION = YES;
				CLANG_WARN_COMMA = YES;
				CLANG_WARN_CONSTANT_CONVERSION = YES;
				CLANG_WARN_DEPRECATED_OBJC_IMPLEMENTATIONS = YES;
				CLANG_WARN_DIRECT_OBJC_ISA_USAGE = YES_ERROR;
				CLANG_WARN_DOCUMENTATION_COMMENTS = YES;
				CLANG_WARN_EMPTY_BODY = YES;
				CLANG_WARN_ENUM_CONVERSION = YES;
				CLANG_WARN_INFINITE_RECURSION = YES;
				CLANG_WARN_INT_CONVERSION = YES;
				CLANG_WARN_NON_LITERAL_NULL_CONVERSION = YES;
				CLANG_WARN_OBJC_IMPLICIT_RETAIN_SELF = YES;
				CLANG_WARN_OBJC_LITERAL_CONVERSION = YES;
				CLANG_WARN_OBJC_ROOT_CLASS = YES_ERROR;
				CLANG_WARN_QUOTED_INCLUDE_IN_FRAMEWORK_HEADER = YES;
				CLANG_WARN_RANGE_LOOP_ANALYSIS = YES;
				CLANG_WARN_STRICT_PROTOTYPES = YES;
				CLANG_WARN_SUSPICIOUS_MOVE = YES;
				CLANG_WARN_UNGUARDED_AVAILABILITY = YES_AGGRESSIVE;
				CLANG_WARN_UNREACHABLE_CODE = YES;
				CLANG_WARN__DUPLICATE_METHOD_MATCH = YES;
				COPY_PHASE_STRIP = NO;
				DEBUG_INFORMATION_FORMAT = "dwarf-with-dsym";
				ENABLE_NS_ASSERTIONS = NO;
				ENABLE_STRICT_OBJC_MSGSEND = YES;
				ENABLE_USER_SCRIPT_SANDBOXING = YES;
				GCC_C_LANGUAGE_STANDARD = gnu17;
				GCC_NO_COMMON_BLOCKS = YES;
				GCC_WARN_64_TO_32_BIT_CONVERSION = YES;
				GCC_WARN_ABOUT_RETURN_TYPE = YES_ERROR;
				GCC_WARN_UNDECLARED_SELECTOR = YES;
				GCC_WARN_UNINITIALIZED_AUTOS = YES_AGGRESSIVE;
				GCC_WARN_UNUSED_FUNCTION = YES;
				GCC_WARN_UNUSED_VARIABLE = YES;
				IPHONEOS_DEPLOYMENT_TARGET = 17.5;
				LOCALIZATION_PREFERS_STRING_CATALOGS = YES;
				MTL_ENABLE_DEBUG_INFO = NO;
				MTL_FAST_MATH = YES;
				SDKROOT = iphoneos;
				SWIFT_COMPILATION_MODE = wholemodule;
				VALIDATE_PRODUCT = YES;
			};
			name = Release;
		};
		306E4B9A2C85ED79000B6DB5 /* Debug */ = {
			isa = XCBuildConfiguration;
			buildSettings = {
				ASSETCATALOG_COMPILER_APPICON_NAME = AppIcon;
				ASSETCATALOG_COMPILER_GLOBAL_ACCENT_COLOR_NAME = AccentColor;
				CODE_SIGN_STYLE = Automatic;
				CURRENT_PROJECT_VERSION = 1;
				DEVELOPMENT_ASSET_PATHS = "\"Landmarks/Preview Content\"";
				DEVELOPMENT_TEAM = N67F2VJLNG;
				ENABLE_PREVIEWS = YES;
				GENERATE_INFOPLIST_FILE = YES;
				INFOPLIST_KEY_UIApplicationSceneManifest_Generation = YES;
				INFOPLIST_KEY_UIApplicationSupportsIndirectInputEvents = YES;
				INFOPLIST_KEY_UILaunchScreen_Generation = YES;
				INFOPLIST_KEY_UISupportedInterfaceOrientations_iPad = "UIInterfaceOrientationPortrait UIInterfaceOrientationPortraitUpsideDown UIInterfaceOrientationLandscapeLeft UIInterfaceOrientationLandscapeRight";
				INFOPLIST_KEY_UISupportedInterfaceOrientations_iPhone = "UIInterfaceOrientationPortrait UIInterfaceOrientationLandscapeLeft UIInterfaceOrientationLandscapeRight";
				LD_RUNPATH_SEARCH_PATHS = (
					"$(inherited)",
					"@executable_path/Frameworks",
				);
				MARKETING_VERSION = 1.0;
				PRODUCT_BUNDLE_IDENTIFIER = com.pedroandriotti.Landmarks;
				PRODUCT_NAME = "$(TARGET_NAME)";
				SWIFT_EMIT_LOC_STRINGS = YES;
				SWIFT_VERSION = 5.0;
				TARGETED_DEVICE_FAMILY = "1,2";
			};
			name = Debug;
		};
		306E4B9B2C85ED79000B6DB5 /* Release */ = {
			isa = XCBuildConfiguration;
			buildSettings = {
				ASSETCATALOG_COMPILER_APPICON_NAME = AppIcon;
				ASSETCATALOG_COMPILER_GLOBAL_ACCENT_COLOR_NAME = AccentColor;
				CODE_SIGN_STYLE = Automatic;
				CURRENT_PROJECT_VERSION = 1;
				DEVELOPMENT_ASSET_PATHS = "\"Landmarks/Preview Content\"";
				DEVELOPMENT_TEAM = N67F2VJLNG;
				ENABLE_PREVIEWS = YES;
				GENERATE_INFOPLIST_FILE = YES;
				INFOPLIST_KEY_UIApplicationSceneManifest_Generation = YES;
				INFOPLIST_KEY_UIApplicationSupportsIndirectInputEvents = YES;
				INFOPLIST_KEY_UILaunchScreen_Generation = YES;
				INFOPLIST_KEY_UISupportedInterfaceOrientations_iPad = "UIInterfaceOrientationPortrait UIInterfaceOrientationPortraitUpsideDown UIInterfaceOrientationLandscapeLeft UIInterfaceOrientationLandscapeRight";
				INFOPLIST_KEY_UISupportedInterfaceOrientations_iPhone = "UIInterfaceOrientationPortrait UIInterfaceOrientationLandscapeLeft UIInterfaceOrientationLandscapeRight";
				LD_RUNPATH_SEARCH_PATHS = (
					"$(inherited)",
					"@executable_path/Frameworks",
				);
				MARKETING_VERSION = 1.0;
				PRODUCT_BUNDLE_IDENTIFIER = com.pedroandriotti.Landmarks;
				PRODUCT_NAME = "$(TARGET_NAME)";
				SWIFT_EMIT_LOC_STRINGS = YES;
				SWIFT_VERSION = 5.0;
				TARGETED_DEVICE_FAMILY = "1,2";
			};
			name = Release;
		};
/* End XCBuildConfiguration section */

/* Begin XCConfigurationList section */
		306E4B862C85ED77000B6DB5 /* Build configuration list for PBXProject "Landmarks" */ = {
			isa = XCConfigurationList;
			buildConfigurations = (
				306E4B972C85ED79000B6DB5 /* Debug */,
				306E4B982C85ED79000B6DB5 /* Release */,
			);
			defaultConfigurationIsVisible = 0;
			defaultConfigurationName = Release;
		};
		306E4B992C85ED79000B6DB5 /* Build configuration list for PBXNativeTarget "Landmarks" */ = {
			isa = XCConfigurationList;
			buildConfigurations = (
				306E4B9A2C85ED79000B6DB5 /* Debug */,
				306E4B9B2C85ED79000B6DB5 /* Release */,
			);
			defaultConfigurationIsVisible = 0;
			defaultConfigurationName = Release;
		};
/* End XCConfigurationList section */
	};
	rootObject = 306E4B832C85ED77000B6DB5 /* Project object */;
}
